
Microsoft Visual Studio Solution File, Format Version 12.00
# Visual Studio 15
Project("{FAE04EC0-301F-11D3-BF4B-00C04F79EFBC}") = "Assembly-CSharp-Editor", "Assembly-CSharp-Editor.csproj", "{BEF3BCAF-AB3D-04AA-10E9-123DD1662EA0}"
EndProject
Project("{FAE04EC0-301F-11D3-BF4B-00C04F79EFBC}") = "Assembly-CSharp", "Assembly-CSharp.csproj", "{256027FC-AA3F-1B26-4EE0-A27F9C7697C7}"
EndProject
Global
	GlobalSection(SolutionConfigurationPlatforms) = preSolution
		Debug|Any CPU = Debug|Any CPU
		Release|Any CPU = Release|Any CPU
	EndGlobalSection
	GlobalSection(ProjectConfigurationPlatforms) = postSolution
		{BEF3BCAF-AB3D-04AA-10E9-123DD1662EA0}.Debug|Any CPU.ActiveCfg = Debug|Any CPU
		{BEF3BCAF-AB3D-04AA-10E9-123DD1662EA0}.Debug|Any CPU.Build.0 = Debug|Any CPU
		{BEF3BCAF-AB3D-04AA-10E9-123DD1662EA0}.Release|Any CPU.ActiveCfg = Release|Any CPU
		{BEF3BCAF-AB3D-04AA-10E9-123DD1662EA0}.Release|Any CPU.Build.0 = Release|Any CPU
		{256027FC-AA3F-1B26-4EE0-A27F9C7697C7}.Debug|Any CPU.ActiveCfg = Debug|Any CPU
		{256027FC-AA3F-1B26-4EE0-A27F9C7697C7}.Debug|Any CPU.Build.0 = Debug|Any CPU
		{256027FC-AA3F-1B26-4EE0-A27F9C7697C7}.Release|Any CPU.ActiveCfg = Release|Any CPU
		{256027FC-AA3F-1B26-4EE0-A27F9C7697C7}.Release|Any CPU.Build.0 = Release|Any CPU
	EndGlobalSection
	GlobalSection(SolutionProperties) = preSolution
		HideSolutionNode = FALSE
	EndGlobalSection
EndGlobal
